
Microsoft Visual Studio Solution File, Format Version 12.00
# Visual Studio Version 16
VisualStudioVersion = 16.0.30804.86
MinimumVisualStudioVersion = 15.0.26124.0
Project("{9A19103F-16F7-4668-BE54-9A1E7A4F7556}") = "EVision.Task.Web", "src\EVision.Task.Web\EVision.Task.Web.csproj", "{032026F5-B9B9-46B3-A30D-B812F01FE663}"
EndProject
Project("{9A19103F-16F7-4668-BE54-9A1E7A4F7556}") = "Evision.Task.Web.Tests", "tests\Evision.Task.Web.Tests\Evision.Task.Web.Tests.csproj", "{A1CE2BAA-014D-45CC-906D-816D2FA762AD}"
EndProject
Global
	GlobalSection(SolutionConfigurationPlatforms) = preSolution
		Debug|Any CPU = Debug|Any CPU
		Debug|x64 = Debug|x64
		Debug|x86 = Debug|x86
		Release|Any CPU = Release|Any CPU
		Release|x64 = Release|x64
		Release|x86 = Release|x86
	EndGlobalSection
	GlobalSection(ProjectConfigurationPlatforms) = postSolution
		{032026F5-B9B9-46B3-A30D-B812F01FE663}.Debug|Any CPU.ActiveCfg = Debug|Any CPU
		{032026F5-B9B9-46B3-A30D-B812F01FE663}.Debug|Any CPU.Build.0 = Debug|Any CPU
		{032026F5-B9B9-46B3-A30D-B812F01FE663}.Debug|x64.ActiveCfg = Debug|Any CPU
		{032026F5-B9B9-46B3-A30D-B812F01FE663}.Debug|x64.Build.0 = Debug|Any CPU
		{032026F5-B9B9-46B3-A30D-B812F01FE663}.Debug|x86.ActiveCfg = Debug|Any CPU
		{032026F5-B9B9-46B3-A30D-B812F01FE663}.Debug|x86.Build.0 = Debug|Any CPU
		{032026F5-B9B9-46B3-A30D-B812F01FE663}.Release|Any CPU.ActiveCfg = Release|Any CPU
		{032026F5-B9B9-46B3-A30D-B812F01FE663}.Release|Any CPU.Build.0 = Release|Any CPU
		{032026F5-B9B9-46B3-A30D-B812F01FE663}.Release|x64.ActiveCfg = Release|Any CPU
		{032026F5-B9B9-46B3-A30D-B812F01FE663}.Release|x64.Build.0 = Release|Any CPU
		{032026F5-B9B9-46B3-A30D-B812F01FE663}.Release|x86.ActiveCfg = Release|Any CPU
		{032026F5-B9B9-46B3-A30D-B812F01FE663}.Release|x86.Build.0 = Release|Any CPU
		{A1CE2BAA-014D-45CC-906D-816D2FA762AD}.Debug|Any CPU.ActiveCfg = Debug|Any CPU
		{A1CE2BAA-014D-45CC-906D-816D2FA762AD}.Debug|Any CPU.Build.0 = Debug|Any CPU
		{A1CE2BAA-014D-45CC-906D-816D2FA762AD}.Debug|x64.ActiveCfg = Debug|Any CPU
		{A1CE2BAA-014D-45CC-906D-816D2FA762AD}.Debug|x64.Build.0 = Debug|Any CPU
		{A1CE2BAA-014D-45CC-906D-816D2FA762AD}.Debug|x86.ActiveCfg = Debug|Any CPU
		{A1CE2BAA-014D-45CC-906D-816D2FA762AD}.Debug|x86.Build.0 = Debug|Any CPU
		{A1CE2BAA-014D-45CC-906D-816D2FA762AD}.Release|Any CPU.ActiveCfg = Release|Any CPU
		{A1CE2BAA-014D-45CC-906D-816D2FA762AD}.Release|Any CPU.Build.0 = Release|Any CPU
		{A1CE2BAA-014D-45CC-906D-816D2FA762AD}.Release|x64.ActiveCfg = Release|Any CPU
		{A1CE2BAA-014D-45CC-906D-816D2FA762AD}.Release|x64.Build.0 = Release|Any CPU
		{A1CE2BAA-014D-45CC-906D-816D2FA762AD}.Release|x86.ActiveCfg = Release|Any CPU
		{A1CE2BAA-014D-45CC-906D-816D2FA762AD}.Release|x86.Build.0 = Release|Any CPU
	EndGlobalSection
	GlobalSection(SolutionProperties) = preSolution
		HideSolutionNode = FALSE
	EndGlobalSection
	GlobalSection(ExtensibilityGlobals) = postSolution
		SolutionGuid = {A954E86B-DA9A-4426-86AF-F73E09781E2D}
	EndGlobalSection
EndGlobal
